{
  "schema_version": 2,
  "selected_at": "2026-07-29",
  "projection_sha256": "e7c334033f8999d7b53fdd7b4b34e4469c3f87a871d4524e4270c707b7f2f83d",
  "components": [
    {
      "component": "temporal-server",
      "upstream_repository": "https://github.com/temporalio/temporal",
      "release_tag": "v1.31.2",
      "container_image": "docker.io/temporalio/server:1.31.2",
      "image_digest": "sha256:b5ecdb8282bededae2a10c36e8d862e27d0bc2d247fc73c5416025997ab4a1da",
      "license": "MIT",
      "selected_at": "2026-07-29",
      "compatibility_evidence": "https://github.com/temporalio/samples-server/tree/main/compose"
    },
    {
      "component": "temporal-ui",
      "upstream_repository": "https://github.com/temporalio/ui",
      "release_tag": "v2.52.1",
      "container_image": "docker.io/temporalio/ui:2.52.1",
      "image_digest": "sha256:b839b5c798770896c78058db1647d325a19b3acef7fa1fbd9a23fabb1dd7feb2",
      "license": "MIT",
      "selected_at": "2026-07-29",
      "compatibility_evidence": "https://github.com/temporalio/samples-server/tree/main/compose"
    },
    {
      "component": "temporal-admin-tools",
      "upstream_repository": "https://github.com/temporalio/docker-builds",
      "release_tag": "1.31.2",
      "container_image": "docker.io/temporalio/admin-tools:1.31.2",
      "image_digest": "sha256:dbc5fcd6ee8f0f4d808bf765af9a87dea9d8a283abfdcfbd2fc148496ba66107",
      "license": "MIT",
      "selected_at": "2026-07-29",
      "compatibility_evidence": "https://github.com/temporalio/samples-server/tree/main/compose"
    },
    {
      "component": "postgresql",
      "upstream_repository": "https://github.com/docker-library/postgres",
      "release_tag": "16.14",
      "container_image": "docker.io/library/postgres:16.14-bookworm",
      "image_digest": "sha256:92620daddcd947f8d5ab5ba66e848702fe443d87fed30c4cea8e389fd78dfc55",
      "license": "PostgreSQL",
      "selected_at": "2026-07-29",
      "compatibility_evidence": "https://github.com/temporalio/samples-server/blob/main/compose/docker-compose-postgres.yml"
    },
    {
      "component": "temporal-python-sdk",
      "upstream_repository": "https://github.com/temporalio/sdk-python",
      "package_name": "temporalio",
      "package_version": "1.30.0",
      "archive_type": "sdist",
      "archive_digest": "sha256:7c025919511bb465392d547e48ccb85fd560a995db4ebcc82fdb43cddf088e6f",
      "license": "MIT",
      "selected_at": "2026-07-29",
      "compatibility_evidence": "Requires Python >=3.10; repository runtime is Python >=3.13"
    },
    {
      "component": "openhands-agent-canvas",
      "upstream_repository": "https://github.com/OpenHands/agent-sdk",
      "release_tag": "v1.6.1",
      "container_image": "ghcr.io/openhands/agent-canvas:1.6.1",
      "image_digest": "sha256:98203471b02490b3c5bea8e9525c883519a794c5695989c8ba18c284d11d002d",
      "license": "MIT",
      "selected_at": "2026-07-29",
      "compatibility_evidence": "Agent Canvas 1.6.1 pins Agent Server 1.37.0"
    },
    {
      "component": "openhands-agent-server",
      "upstream_repository": "https://github.com/OpenHands/software-agent-sdk",
      "release_tag": "v1.37.0",
      "container_image": "ghcr.io/openhands/agent-server:1.37.0-python",
      "image_digest": "sha256:c188dac7624d486331b455042d54abe020af43b843c2c02694deccecfbed487a",
      "license": "MIT",
      "selected_at": "2026-07-29",
      "compatibility_evidence": "Selected by Agent Canvas 1.6.1"
    },
    {
      "component": "litellm-proxy",
      "upstream_repository": "https://github.com/BerriAI/litellm",
      "release_tag": "v1.94.0",
      "container_image": "ghcr.io/berriai/litellm:v1.94.0",
      "image_digest": "sha256:65d84a2282137b4dc73bbe184650a7c807177c533e4223b3bfbc87963fe3fabe",
      "license": "MIT",
      "selected_at": "2026-07-29",
      "compatibility_evidence": "OpenAI-compatible proxy endpoint used by OpenHands"
    }
  ]
}
